
Microsoft Visual Studio Solution File, Format Version 12.00
# Visual Studio Express 14 for Windows Desktop
VisualStudioVersion = 14.0.25123.0
MinimumVisualStudioVersion = 10.0.40219.1
Project("{FAE04EC0-301F-11D3-BF4B-00C04F79EFBC}") = "ProcesadorImagenes", "ProcesadorImagenes\ProcesadorImagenes.csproj", "{362D47E6-3B2F-415A-99A2-B41FF0E46501}"
EndProject
Global
	GlobalSection(SolutionConfigurationPlatforms) = preSolution
		Debug|Any CPU = Debug|Any CPU
		Release|Any CPU = Release|Any CPU
	EndGlobalSection
	GlobalSection(ProjectConfigurationPlatforms) = postSolution
		{362D47E6-3B2F-415A-99A2-B41FF0E46501}.Debug|Any CPU.ActiveCfg = Debug|Any CPU
		{362D47E6-3B2F-415A-99A2-B41FF0E46501}.Debug|Any CPU.Build.0 = Debug|Any CPU
		{362D47E6-3B2F-415A-99A2-B41FF0E46501}.Release|Any CPU.ActiveCfg = Release|Any CPU
		{362D47E6-3B2F-415A-99A2-B41FF0E46501}.Release|Any CPU.Build.0 = Release|Any CPU
	EndGlobalSection
	GlobalSection(SolutionProperties) = preSolution
		HideSolutionNode = FALSE
	EndGlobalSection
EndGlobal
